PODS:
  - Apollo (0.9.5):
    - Apollo/Core (= 0.9.5)
  - Apollo/Core (0.9.5)
  - Apollo/WebSocket (0.9.5):
    - Apollo/Core
    - Starscream (~> 3.0.2)
  - Starscream (3.0.6)

DEPENDENCIES:
  - Apollo
  - Apollo/WebSocket

SPEC REPOS:
  https://github.com/cocoapods/specs.git:
    - Apollo
    - Starscream

SPEC CHECKSUMS:
  Apollo: 19caf3246d292bbb69ecad1bd098661f78222aba
  Starscream: ef3ece99d765eeccb67de105bfa143f929026cf5

PODFILE CHECKSUM: 6bb28e963f963d62fbda340e93b36e8f32854b62

COCOAPODS: 1.6.1
